
Microsoft Visual Studio Solution File, Format Version 12.00
# Visual Studio Version 16
VisualStudioVersion = 16.0.30128.74
MinimumVisualStudioVersion = 10.0.40219.1
Project("{FAE04EC0-301F-11D3-BF4B-00C04F79EFBC}") = "ClientApp", "ClientApp\ClientApp.csproj", "{884990C7-79A1-4669-A27D-8474D0856774}"
EndProject
Global
	GlobalSection(SolutionConfigurationPlatforms) = preSolution
		Debug|Any CPU = Debug|Any CPU
		Release|Any CPU = Release|Any CPU
	EndGlobalSection
	GlobalSection(ProjectConfigurationPlatforms) = postSolution
		{884990C7-79A1-4669-A27D-8474D0856774}.Debug|Any CPU.ActiveCfg = Debug|Any CPU
		{884990C7-79A1-4669-A27D-8474D0856774}.Debug|Any CPU.Build.0 = Debug|Any CPU
		{884990C7-79A1-4669-A27D-8474D0856774}.Release|Any CPU.ActiveCfg = Release|Any CPU
		{884990C7-79A1-4669-A27D-8474D0856774}.Release|Any CPU.Build.0 = Release|Any CPU
	EndGlobalSection
	GlobalSection(SolutionProperties) = preSolution
		HideSolutionNode = FALSE
	EndGlobalSection
	GlobalSection(ExtensibilityGlobals) = postSolution
		SolutionGuid = {235386AF-12B2-45FA-9573-9D8D74AD8C74}
	EndGlobalSection
EndGlobal
